// !$*UTF8*$!
{
	archiveVersion = 1;
	classes = {
	};
	objectVersion = 51;
	objects = {

/* Begin PBXBuildFile section */
		1EFF8D299B7FF1FD73DAEF8B /* Pods_MultikinoSeanse.framework in Frameworks */ = {isa = PBXBuildFile; fileRef = 1A2D9C9159EC7018E99E9C76 /* Pods_MultikinoSeanse.framework */; };
		23083B11231831AC0050536C /* getJsonFromURL.swift in Sources */ = {isa = PBXBuildFile; fileRef = 23083B10231831AC0050536C /* getJsonFromURL.swift */; };
		23083B1423184A4B0050536C /* CinemaListArray.swift in Sources */ = {isa = PBXBuildFile; fileRef = 23083B1323184A4B0050536C /* CinemaListArray.swift */; };
		23083B1623184AF40050536C /* GetCinemasList.swift in Sources */ = {isa = PBXBuildFile; fileRef = 23083B1523184AF40050536C /* GetCinemasList.swift */; };
		23083B1823185D040050536C /* allURLs.swift in Sources */ = {isa = PBXBuildFile; fileRef = 23083B1723185D040050536C /* allURLs.swift */; };
		234013A5231D228900761F8C /* MoviesTableViewCell.swift in Sources */ = {isa = PBXBuildFile; fileRef = 234013A3231D228900761F8C /* MoviesTableViewCell.swift */; };
		234013A6231D228900761F8C /* MoviesTableViewCell.xib in Resources */ = {isa = PBXBuildFile; fileRef = 234013A4231D228900761F8C /* MoviesTableViewCell.xib */; };
		238B30DE231AE9740095408A /* DatesArray.swift in Sources */ = {isa = PBXBuildFile; fileRef = 238B30DD231AE9740095408A /* DatesArray.swift */; };
		238B30E0231AE9BF0095408A /* GetDatesList.swift in Sources */ = {isa = PBXBuildFile; fileRef = 238B30DF231AE9BF0095408A /* GetDatesList.swift */; };
		238B30E3231AFEE30095408A /* MoviesArray.swift in Sources */ = {isa = PBXBuildFile; fileRef = 238B30E2231AFEE30095408A /* MoviesArray.swift */; };
		238B30E5231B11DF0095408A /* GetMoviesList.swift in Sources */ = {isa = PBXBuildFile; fileRef = 238B30E4231B11DF0095408A /* GetMoviesList.swift */; };
		238B30E7231B16070095408A /* changeDateLayout.swift in Sources */ = {isa = PBXBuildFile; fileRef = 238B30E6231B16070095408A /* changeDateLayout.swift */; };
		239EAC6B2323F7FC00BFCA60 /* moreMoviesInfo.swift in Sources */ = {isa = PBXBuildFile; fileRef = 239EAC6A2323F7FC00BFCA60 /* moreMoviesInfo.swift */; };
		23B113292319BF4400A56DEC /* MoviesViewController.swift in Sources */ = {isa = PBXBuildFile; fileRef = 23B113282319BF4400A56DEC /* MoviesViewController.swift */; };
		23B113322319D24100A56DEC /* LeftMenuViewController.swift in Sources */ = {isa = PBXBuildFile; fileRef = 23B113312319D24100A56DEC /* LeftMenuViewController.swift */; };
		23C4B9A823171421006B96AB /* AppDelegate.swift in Sources */ = {isa = PBXBuildFile; fileRef = 23C4B9A723171421006B96AB /* AppDelegate.swift */; };
		23C4B9AA23171421006B96AB /* CinemaPickViewController.swift in Sources */ = {isa = PBXBuildFile; fileRef = 23C4B9A923171421006B96AB /* CinemaPickViewController.swift */; };
		23C4B9AD23171421006B96AB /* Main.storyboard in Resources */ = {isa = PBXBuildFile; fileRef = 23C4B9AB23171421006B96AB /* Main.storyboard */; };
		23C4B9AF23171422006B96AB /* Assets.xcassets in Resources */ = {isa = PBXBuildFile; fileRef = 23C4B9AE23171422006B96AB /* Assets.xcassets */; };
		23C4B9B223171422006B96AB /* LaunchScreen.storyboard in Resources */ = {isa = PBXBuildFile; fileRef = 23C4B9B023171422006B96AB /* LaunchScreen.storyboard */; };
/* End PBXBuildFile section */

/* Begin PBXFileReference section */
		1A2D9C9159EC7018E99E9C76 /* Pods_MultikinoSeanse.framework */ = {isa = PBXFileReference; explicitFileType = wrapper.framework; includeInIndex = 0; path = Pods_MultikinoSeanse.framework; sourceTree = BUILT_PRODUCTS_DIR; };
		23083B10231831AC0050536C /* getJsonFromURL.swift */ = {isa = PBXFileReference; lastKnownFileType = sourcecode.swift; path = getJsonFromURL.swift; sourceTree = "<group>"; };
		23083B1323184A4B0050536C /* CinemaListArray.swift */ = {isa = PBXFileReference; lastKnownFileType = sourcecode.swift; path = CinemaListArray.swift; sourceTree = "<group>"; };
		23083B1523184AF40050536C /* GetCinemasList.swift */ = {isa = PBXFileReference; lastKnownFileType = sourcecode.swift; path = GetCinemasList.swift; sourceTree = "<group>"; };
		23083B1723185D040050536C /* allURLs.swift */ = {isa = PBXFileReference; lastKnownFileType = sourcecode.swift; path = allURLs.swift; sourceTree = "<group>"; };
		234013A3231D228900761F8C /* MoviesTableViewCell.swift */ = {isa = PBXFileReference; lastKnownFileType = sourcecode.swift; path = MoviesTableViewCell.swift; sourceTree = "<group>"; };
		234013A4231D228900761F8C /* MoviesTableViewCell.xib */ = {isa = PBXFileReference; lastKnownFileType = file.xib; path = MoviesTableViewCell.xib; sourceTree = "<group>"; };
		238B30DD231AE9740095408A /* DatesArray.swift */ = {isa = PBXFileReference; lastKnownFileType = sourcecode.swift; path = DatesArray.swift; sourceTree = "<group>"; };
		238B30DF231AE9BF0095408A /* GetDatesList.swift */ = {isa = PBXFileReference; lastKnownFileType = sourcecode.swift; path = GetDatesList.swift; sourceTree = "<group>"; };
		238B30E2231AFEE30095408A /* MoviesArray.swift */ = {isa = PBXFileReference; lastKnownFileType = sourcecode.swift; path = MoviesArray.swift; sourceTree = "<group>"; };
		238B30E4231B11DF0095408A /* GetMoviesList.swift */ = {isa = PBXFileReference; lastKnownFileType = sourcecode.swift; path = GetMoviesList.swift; sourceTree = "<group>"; };
		238B30E6231B16070095408A /* changeDateLayout.swift */ = {isa = PBXFileReference; lastKnownFileType = sourcecode.swift; path = changeDateLayout.swift; sourceTree = "<group>"; };
		239EAC6A2323F7FC00BFCA60 /* moreMoviesInfo.swift */ = {isa = PBXFileReference; lastKnownFileType = sourcecode.swift; path = moreMoviesInfo.swift; sourceTree = "<group>"; };
		23B113282319BF4400A56DEC /* MoviesViewController.swift */ = {isa = PBXFileReference; lastKnownFileType = sourcecode.swift; path = MoviesViewController.swift; sourceTree = "<group>"; };
		23B113312319D24100A56DEC /* LeftMenuViewController.swift */ = {isa = PBXFileReference; lastKnownFileType = sourcecode.swift; path = LeftMenuViewController.swift; sourceTree = "<group>"; };
		23C4B9A423171420006B96AB /* MultikinoSeanse.app */ = {isa = PBXFileReference; explicitFileType = wrapper.application; includeInIndex = 0; path = MultikinoSeanse.app; sourceTree = BUILT_PRODUCTS_DIR; };
		23C4B9A723171421006B96AB /* AppDelegate.swift */ = {isa = PBXFileReference; lastKnownFileType = sourcecode.swift; path = AppDelegate.swift; sourceTree = "<group>"; };
		23C4B9A923171421006B96AB /* CinemaPickViewController.swift */ = {isa = PBXFileReference; lastKnownFileType = sourcecode.swift; path = CinemaPickViewController.swift; sourceTree = "<group>"; };
		23C4B9AC23171421006B96AB /* Base */ = {isa = PBXFileReference; lastKnownFileType = file.storyboard; name = Base; path = Base.lproj/Main.storyboard; sourceTree = "<group>"; };
		23C4B9AE23171422006B96AB /* Assets.xcassets */ = {isa = PBXFileReference; lastKnownFileType = folder.assetcatalog; path = Assets.xcassets; sourceTree = "<group>"; };
		23C4B9B123171422006B96AB /* Base */ = {isa = PBXFileReference; lastKnownFileType = file.storyboard; name = Base; path = Base.lproj/LaunchScreen.storyboard; sourceTree = "<group>"; };
		23C4B9B323171422006B96AB /* Info.plist */ = {isa = PBXFileReference; lastKnownFileType = text.plist.xml; path = Info.plist; sourceTree = "<group>"; };
		24ED3AC4F6F24B301C2232B5 /* Pods-MultikinoSeanse.debug.xcconfig */ = {isa = PBXFileReference; includeInIndex = 1; lastKnownFileType = text.xcconfig; name = "Pods-MultikinoSeanse.debug.xcconfig"; path = "Target Support Files/Pods-MultikinoSeanse/Pods-MultikinoSeanse.debug.xcconfig"; sourceTree = "<group>"; };
		8035EB675F1F2BE76DAB85F8 /* Pods-MultikinoSeanse.release.xcconfig */ = {isa = PBXFileReference; includeInIndex = 1; lastKnownFileType = text.xcconfig; name = "Pods-MultikinoSeanse.release.xcconfig"; path = "Target Support Files/Pods-MultikinoSeanse/Pods-MultikinoSeanse.release.xcconfig"; sourceTree = "<group>"; };
/* End PBXFileReference section */

/* Begin PBXFrameworksBuildPhase section */
		23C4B9A123171420006B96AB /* Frameworks */ = {
			isa = PBXFrameworksBuildPhase;
			buildActionMask = 2147483647;
			files = (
				1EFF8D299B7FF1FD73DAEF8B /* Pods_MultikinoSeanse.framework in Frameworks */,
			);
			runOnlyForDeploymentPostprocessing = 0;
		};
/* End PBXFrameworksBuildPhase section */

/* Begin PBXGroup section */
		23083B0F231831890050536C /* Utilities */ = {
			isa = PBXGroup;
			children = (
				23083B10231831AC0050536C /* getJsonFromURL.swift */,
				23083B1723185D040050536C /* allURLs.swift */,
				238B30E6231B16070095408A /* changeDateLayout.swift */,
			);
			path = Utilities;
			sourceTree = "<group>";
		};
		23083B1223184A280050536C /* CinemasList */ = {
			isa = PBXGroup;
			children = (
				23083B1323184A4B0050536C /* CinemaListArray.swift */,
				23083B1523184AF40050536C /* GetCinemasList.swift */,
			);
			path = CinemasList;
			sourceTree = "<group>";
		};
		234013A2231D224C00761F8C /* MoviesCell */ = {
			isa = PBXGroup;
			children = (
				234013A4231D228900761F8C /* MoviesTableViewCell.xib */,
				234013A3231D228900761F8C /* MoviesTableViewCell.swift */,
			);
			path = MoviesCell;
			sourceTree = "<group>";
		};
		238B30DC231AE95F0095408A /* DatesList */ = {
			isa = PBXGroup;
			children = (
				238B30DD231AE9740095408A /* DatesArray.swift */,
				238B30DF231AE9BF0095408A /* GetDatesList.swift */,
			);
			path = DatesList;
			sourceTree = "<group>";
		};
		238B30E1231AFECF0095408A /* MoviesList */ = {
			isa = PBXGroup;
			children = (
				239EAC692323F7E300BFCA60 /* MoviesPopUp */,
				238B30E2231AFEE30095408A /* MoviesArray.swift */,
				238B30E4231B11DF0095408A /* GetMoviesList.swift */,
			);
			path = MoviesList;
			sourceTree = "<group>";
		};
		239EAC692323F7E300BFCA60 /* MoviesPopUp */ = {
			isa = PBXGroup;
			children = (
				239EAC6A2323F7FC00BFCA60 /* moreMoviesInfo.swift */,
			);
			path = MoviesPopUp;
			sourceTree = "<group>";
		};
		23B1132C2319CBE600A56DEC /* SideMenu */ = {
			isa = PBXGroup;
			children = (
				23B113312319D24100A56DEC /* LeftMenuViewController.swift */,
			);
			path = SideMenu;
			sourceTree = "<group>";
		};
		23C4B99B23171420006B96AB = {
			isa = PBXGroup;
			children = (
				23C4B9A623171420006B96AB /* MultikinoSeanse */,
				23C4B9A523171420006B96AB /* Products */,
				FEC5FB7F2235683DD4507674 /* Pods */,
				A917AFD2318A78850B23E14A /* Frameworks */,
			);
			sourceTree = "<group>";
		};
		23C4B9A523171420006B96AB /* Products */ = {
			isa = PBXGroup;
			children = (
				23C4B9A423171420006B96AB /* MultikinoSeanse.app */,
			);
			name = Products;
			sourceTree = "<group>";
		};
		23C4B9A623171420006B96AB /* MultikinoSeanse */ = {
			isa = PBXGroup;
			children = (
				23C4B9BB2317144C006B96AB /* Model */,
				23C4B9BA2317144B006B96AB /* View */,
				23C4B9B923171449006B96AB /* Controller */,
				23C4B9AE23171422006B96AB /* Assets.xcassets */,
				23C4B9B323171422006B96AB /* Info.plist */,
			);
			path = MultikinoSeanse;
			sourceTree = "<group>";
		};
		23C4B9B923171449006B96AB /* Controller */ = {
			isa = PBXGroup;
			children = (
				23C4B9A723171421006B96AB /* AppDelegate.swift */,
				23B1132C2319CBE600A56DEC /* SideMenu */,
				23C4B9A923171421006B96AB /* CinemaPickViewController.swift */,
				23B113282319BF4400A56DEC /* MoviesViewController.swift */,
			);
			path = Controller;
			sourceTree = "<group>";
		};
		23C4B9BA2317144B006B96AB /* View */ = {
			isa = PBXGroup;
			children = (
				234013A2231D224C00761F8C /* MoviesCell */,
				23C4B9AB23171421006B96AB /* Main.storyboard */,
				23C4B9B023171422006B96AB /* LaunchScreen.storyboard */,
			);
			path = View;
			sourceTree = "<group>";
		};
		23C4B9BB2317144C006B96AB /* Model */ = {
			isa = PBXGroup;
			children = (
				238B30E1231AFECF0095408A /* MoviesList */,
				238B30DC231AE95F0095408A /* DatesList */,
				23083B1223184A280050536C /* CinemasList */,
				23083B0F231831890050536C /* Utilities */,
			);
			path = Model;
			sourceTree = "<group>";
		};
		A917AFD2318A78850B23E14A /* Frameworks */ = {
			isa = PBXGroup;
			children = (
				1A2D9C9159EC7018E99E9C76 /* Pods_MultikinoSeanse.framework */,
			);
			name = Frameworks;
			sourceTree = "<group>";
		};
		FEC5FB7F2235683DD4507674 /* Pods */ = {
			isa = PBXGroup;
			children = (
				24ED3AC4F6F24B301C2232B5 /* Pods-MultikinoSeanse.debug.xcconfig */,
				8035EB675F1F2BE76DAB85F8 /* Pods-MultikinoSeanse.release.xcconfig */,
			);
			path = Pods;
			sourceTree = "<group>";
		};
/* End PBXGroup section */

/* Begin PBXNativeTarget section */
		23C4B9A323171420006B96AB /* MultikinoSeanse */ = {
			isa = PBXNativeTarget;
			buildConfigurationList = 23C4B9B623171422006B96AB /* Build configuration list for PBXNativeTarget "MultikinoSeanse" */;
			buildPhases = (
				E8CE32F0EC5754722955E31B /* [CP] Check Pods Manifest.lock */,
				23C4B9A023171420006B96AB /* Sources */,
				23C4B9A123171420006B96AB /* Frameworks */,
				23C4B9A223171420006B96AB /* Resources */,
				93C989BCEA5140B6A7F4B90C /* [CP] Embed Pods Frameworks */,
			);
			buildRules = (
			);
			dependencies = (
			);
			name = MultikinoSeanse;
			productName = MultikinoSeanse;
			productReference = 23C4B9A423171420006B96AB /* MultikinoSeanse.app */;
			productType = "com.apple.product-type.application";
		};
/* End PBXNativeTarget section */

/* Begin PBXProject section */
		23C4B99C23171420006B96AB /* Project object */ = {
			isa = PBXProject;
			attributes = {
				LastSwiftUpdateCheck = 1030;
				LastUpgradeCheck = 1030;
				ORGANIZATIONNAME = "Mateusz Łukasiński";
				TargetAttributes = {
					23C4B9A323171420006B96AB = {
						CreatedOnToolsVersion = 10.3;
					};
				};
			};
			buildConfigurationList = 23C4B99F23171420006B96AB /* Build configuration list for PBXProject "MultikinoSeanse" */;
			compatibilityVersion = "Xcode 9.3";
			developmentRegion = en;
			hasScannedForEncodings = 0;
			knownRegions = (
				en,
				Base,
			);
			mainGroup = 23C4B99B23171420006B96AB;
			productRefGroup = 23C4B9A523171420006B96AB /* Products */;
			projectDirPath = "";
			projectRoot = "";
			targets = (
				23C4B9A323171420006B96AB /* MultikinoSeanse */,
			);
		};
/* End PBXProject section */

/* Begin PBXResourcesBuildPhase section */
		23C4B9A223171420006B96AB /* Resources */ = {
			isa = PBXResourcesBuildPhase;
			buildActionMask = 2147483647;
			files = (
				23C4B9B223171422006B96AB /* LaunchScreen.storyboard in Resources */,
				23C4B9AF23171422006B96AB /* Assets.xcassets in Resources */,
				234013A6231D228900761F8C /* MoviesTableViewCell.xib in Resources */,
				23C4B9AD23171421006B96AB /* Main.storyboard in Resources */,
			);
			runOnlyForDeploymentPostprocessing = 0;
		};
/* End PBXResourcesBuildPhase section */

/* Begin PBXShellScriptBuildPhase section */
		93C989BCEA5140B6A7F4B90C /* [CP] Embed Pods Frameworks */ = {
			isa = PBXShellScriptBuildPhase;
			buildActionMask = 2147483647;
			files = (
			);
			inputFileListPaths = (
				"${PODS_ROOT}/Target Support Files/Pods-MultikinoSeanse/Pods-MultikinoSeanse-frameworks-${CONFIGURATION}-input-files.xcfilelist",
			);
			name = "[CP] Embed Pods Frameworks";
			outputFileListPaths = (
				"${PODS_ROOT}/Target Support Files/Pods-MultikinoSeanse/Pods-MultikinoSeanse-frameworks-${CONFIGURATION}-output-files.xcfilelist",
			);
			runOnlyForDeploymentPostprocessing = 0;
			shellPath = /bin/sh;
			shellScript = "\"${PODS_ROOT}/Target Support Files/Pods-MultikinoSeanse/Pods-MultikinoSeanse-frameworks.sh\"\n";
			showEnvVarsInLog = 0;
		};
		E8CE32F0EC5754722955E31B /* [CP] Check Pods Manifest.lock */ = {
			isa = PBXShellScriptBuildPhase;
			buildActionMask = 2147483647;
			files = (
			);
			inputFileListPaths = (
			);
			inputPaths = (
				"${PODS_PODFILE_DIR_PATH}/Podfile.lock",
				"${PODS_ROOT}/Manifest.lock",
			);
			name = "[CP] Check Pods Manifest.lock";
			outputFileListPaths = (
			);
			outputPaths = (
				"$(DERIVED_FILE_DIR)/Pods-MultikinoSeanse-checkManifestLockResult.txt",
			);
			runOnlyForDeploymentPostprocessing = 0;
			shellPath = /bin/sh;
			shellScript = "diff \"${PODS_PODFILE_DIR_PATH}/Podfile.lock\" \"${PODS_ROOT}/Manifest.lock\" > /dev/null\nif [ $? != 0 ] ; then\n    # print error to STDERR\n    echo \"error: The sandbox is not in sync with the Podfile.lock. Run 'pod install' or update your CocoaPods installation.\" >&2\n    exit 1\nfi\n# This output is used by Xcode 'outputs' to avoid re-running this script phase.\necho \"SUCCESS\" > \"${SCRIPT_OUTPUT_FILE_0}\"\n";
			showEnvVarsInLog = 0;
		};
/* End PBXShellScriptBuildPhase section */

/* Begin PBXSourcesBuildPhase section */
		23C4B9A023171420006B96AB /* Sources */ = {
			isa = PBXSourcesBuildPhase;
			buildActionMask = 2147483647;
			files = (
				23083B1623184AF40050536C /* GetCinemasList.swift in Sources */,
				238B30E5231B11DF0095408A /* GetMoviesList.swift in Sources */,
				23B113322319D24100A56DEC /* LeftMenuViewController.swift in Sources */,
				238B30DE231AE9740095408A /* DatesArray.swift in Sources */,
				23083B1423184A4B0050536C /* CinemaListArray.swift in Sources */,
				23C4B9AA23171421006B96AB /* CinemaPickViewController.swift in Sources */,
				239EAC6B2323F7FC00BFCA60 /* moreMoviesInfo.swift in Sources */,
				23083B11231831AC0050536C /* getJsonFromURL.swift in Sources */,
				23C4B9A823171421006B96AB /* AppDelegate.swift in Sources */,
				238B30E7231B16070095408A /* changeDateLayout.swift in Sources */,
				23B113292319BF4400A56DEC /* MoviesViewController.swift in Sources */,
				238B30E3231AFEE30095408A /* MoviesArray.swift in Sources */,
				238B30E0231AE9BF0095408A /* GetDatesList.swift in Sources */,
				234013A5231D228900761F8C /* MoviesTableViewCell.swift in Sources */,
				23083B1823185D040050536C /* allURLs.swift in Sources */,
			);
			runOnlyForDeploymentPostprocessing = 0;
		};
/* End PBXSourcesBuildPhase section */

/* Begin PBXVariantGroup section */
		23C4B9AB23171421006B96AB /* Main.storyboard */ = {
			isa = PBXVariantGroup;
			children = (
				23C4B9AC23171421006B96AB /* Base */,
			);
			name = Main.storyboard;
			sourceTree = "<group>";
		};
		23C4B9B023171422006B96AB /* LaunchScreen.storyboard */ = {
			isa = PBXVariantGroup;
			children = (
				23C4B9B123171422006B96AB /* Base */,
			);
			name = LaunchScreen.storyboard;
			sourceTree = "<group>";
		};
/* End PBXVariantGroup section */

/* Begin XCBuildConfiguration section */
		23C4B9B423171422006B96AB /* Debug */ = {
			isa = XCBuildConfiguration;
			buildSettings = {
				ALWAYS_SEARCH_USER_PATHS = NO;
				CLANG_ANALYZER_NONNULL = YES;
				CLANG_ANALYZER_NUMBER_OBJECT_CONVERSION = YES_AGGRESSIVE;
				CLANG_CXX_LANGUAGE_STANDARD = "gnu++14";
				CLANG_CXX_LIBRARY = "libc++";
				CLANG_ENABLE_MODULES = YES;
				CLANG_ENABLE_OBJC_ARC = YES;
				CLANG_ENABLE_OBJC_WEAK = YES;
				CLANG_WARN_BLOCK_CAPTURE_AUTORELEASING = YES;
				CLANG_WARN_BOOL_CONVERSION = YES;
				CLANG_WARN_COMMA = YES;
				CLANG_WARN_CONSTANT_CONVERSION = YES;
				CLANG_WARN_DEPRECATED_OBJC_IMPLEMENTATIONS = YES;
				CLANG_WARN_DIRECT_OBJC_ISA_USAGE = YES_ERROR;
				CLANG_WARN_DOCUMENTATION_COMMENTS = YES;
				CLANG_WARN_EMPTY_BODY = YES;
				CLANG_WARN_ENUM_CONVERSION = YES;
				CLANG_WARN_INFINITE_RECURSION = YES;
				CLANG_WARN_INT_CONVERSION = YES;
				CLANG_WARN_NON_LITERAL_NULL_CONVERSION = YES;
				CLANG_WARN_OBJC_IMPLICIT_RETAIN_SELF = YES;
				CLANG_WARN_OBJC_LITERAL_CONVERSION = YES;
				CLANG_WARN_OBJC_ROOT_CLASS = YES_ERROR;
				CLANG_WARN_RANGE_LOOP_ANALYSIS = YES;
				CLANG_WARN_STRICT_PROTOTYPES = YES;
				CLANG_WARN_SUSPICIOUS_MOVE = YES;
				CLANG_WARN_UNGUARDED_AVAILABILITY = YES_AGGRESSIVE;
				CLANG_WARN_UNREACHABLE_CODE = YES;
				CLANG_WARN__DUPLICATE_METHOD_MATCH = YES;
				CODE_SIGN_IDENTITY = "iPhone Developer";
				COPY_PHASE_STRIP = NO;
				DEBUG_INFORMATION_FORMAT = dwarf;
				ENABLE_STRICT_OBJC_MSGSEND = YES;
				ENABLE_TESTABILITY = YES;
				GCC_C_LANGUAGE_STANDARD = gnu11;
				GCC_DYNAMIC_NO_PIC = NO;
				GCC_NO_COMMON_BLOCKS = YES;
				GCC_OPTIMIZATION_LEVEL = 0;
				GCC_PREPROCESSOR_DEFINITIONS = (
					"DEBUG=1",
					"$(inherited)",
				);
				GCC_WARN_64_TO_32_BIT_CONVERSION = YES;
				GCC_WARN_ABOUT_RETURN_TYPE = YES_ERROR;
				GCC_WARN_UNDECLARED_SELECTOR = YES;
				GCC_WARN_UNINITIALIZED_AUTOS = YES_AGGRESSIVE;
				GCC_WARN_UNUSED_FUNCTION = YES;
				GCC_WARN_UNUSED_VARIABLE = YES;
				IPHONEOS_DEPLOYMENT_TARGET = 12.4;
				MTL_ENABLE_DEBUG_INFO = INCLUDE_SOURCE;
				MTL_FAST_MATH = YES;
				ONLY_ACTIVE_ARCH = YES;
				SDKROOT = iphoneos;
				SWIFT_ACTIVE_COMPILATION_CONDITIONS = DEBUG;
				SWIFT_OPTIMIZATION_LEVEL = "-Onone";
			};
			name = Debug;
		};
		23C4B9B523171422006B96AB /* Release */ = {
			isa = XCBuildConfiguration;
			buildSettings = {
				ALWAYS_SEARCH_USER_PATHS = NO;
				CLANG_ANALYZER_NONNULL = YES;
				CLANG_ANALYZER_NUMBER_OBJECT_CONVERSION = YES_AGGRESSIVE;
				CLANG_CXX_LANGUAGE_STANDARD = "gnu++14";
				CLANG_CXX_LIBRARY = "libc++";
				CLANG_ENABLE_MODULES = YES;
				CLANG_ENABLE_OBJC_ARC = YES;
				CLANG_ENABLE_OBJC_WEAK = YES;
				CLANG_WARN_BLOCK_CAPTURE_AUTORELEASING = YES;
				CLANG_WARN_BOOL_CONVERSION = YES;
				CLANG_WARN_COMMA = YES;
				CLANG_WARN_CONSTANT_CONVERSION = YES;
				CLANG_WARN_DEPRECATED_OBJC_IMPLEMENTATIONS = YES;
				CLANG_WARN_DIRECT_OBJC_ISA_USAGE = YES_ERROR;
				CLANG_WARN_DOCUMENTATION_COMMENTS = YES;
				CLANG_WARN_EMPTY_BODY = YES;
				CLANG_WARN_ENUM_CONVERSION = YES;
				CLANG_WARN_INFINITE_RECURSION = YES;
				CLANG_WARN_INT_CONVERSION = YES;
				CLANG_WARN_NON_LITERAL_NULL_CONVERSION = YES;
				CLANG_WARN_OBJC_IMPLICIT_RETAIN_SELF = YES;
				CLANG_WARN_OBJC_LITERAL_CONVERSION = YES;
				CLANG_WARN_OBJC_ROOT_CLASS = YES_ERROR;
				CLANG_WARN_RANGE_LOOP_ANALYSIS = YES;
				CLANG_WARN_STRICT_PROTOTYPES = YES;
				CLANG_WARN_SUSPICIOUS_MOVE = YES;
				CLANG_WARN_UNGUARDED_AVAILABILITY = YES_AGGRESSIVE;
				CLANG_WARN_UNREACHABLE_CODE = YES;
				CLANG_WARN__DUPLICATE_METHOD_MATCH = YES;
				CODE_SIGN_IDENTITY = "iPhone Developer";
				COPY_PHASE_STRIP = NO;
				DEBUG_INFORMATION_FORMAT = "dwarf-with-dsym";
				ENABLE_NS_ASSERTIONS = NO;
				ENABLE_STRICT_OBJC_MSGSEND = YES;
				GCC_C_LANGUAGE_STANDARD = gnu11;
				GCC_NO_COMMON_BLOCKS = YES;
				GCC_WARN_64_TO_32_BIT_CONVERSION = YES;
				GCC_WARN_ABOUT_RETURN_TYPE = YES_ERROR;
				GCC_WARN_UNDECLARED_SELECTOR = YES;
				GCC_WARN_UNINITIALIZED_AUTOS = YES_AGGRESSIVE;
				GCC_WARN_UNUSED_FUNCTION = YES;
				GCC_WARN_UNUSED_VARIABLE = YES;
				IPHONEOS_DEPLOYMENT_TARGET = 12.4;
				MTL_ENABLE_DEBUG_INFO = NO;
				MTL_FAST_MATH = YES;
				SDKROOT = iphoneos;
				SWIFT_COMPILATION_MODE = wholemodule;
				SWIFT_OPTIMIZATION_LEVEL = "-O";
				VALIDATE_PRODUCT = YES;
			};
			name = Release;
		};
		23C4B9B723171422006B96AB /* Debug */ = {
			isa = XCBuildConfiguration;
			baseConfigurationReference = 24ED3AC4F6F24B301C2232B5 /* Pods-MultikinoSeanse.debug.xcconfig */;
			buildSettings = {
				ASSETCATALOG_COMPILER_APPICON_NAME = AppIcon;
				CODE_SIGN_STYLE = Automatic;
				DEVELOPMENT_TEAM = 7CS6N8JRT4;
				INFOPLIST_FILE = MultikinoSeanse/Info.plist;
				LD_RUNPATH_SEARCH_PATHS = (
					"$(inherited)",
					"@executable_path/Frameworks",
				);
				PRODUCT_BUNDLE_IDENTIFIER = com.Mateusz.Lukasinski.MultikinoSeanse;
				PRODUCT_NAME = "$(TARGET_NAME)";
				SWIFT_VERSION = 5.0;
				TARGETED_DEVICE_FAMILY = 1;
			};
			name = Debug;
		};
		23C4B9B823171422006B96AB /* Release */ = {
			isa = XCBuildConfiguration;
			baseConfigurationReference = 8035EB675F1F2BE76DAB85F8 /* Pods-MultikinoSeanse.release.xcconfig */;
			buildSettings = {
				ASSETCATALOG_COMPILER_APPICON_NAME = AppIcon;
				CODE_SIGN_STYLE = Automatic;
				DEVELOPMENT_TEAM = 7CS6N8JRT4;
				INFOPLIST_FILE = MultikinoSeanse/Info.plist;
				LD_RUNPATH_SEARCH_PATHS = (
					"$(inherited)",
					"@executable_path/Frameworks",
				);
				PRODUCT_BUNDLE_IDENTIFIER = com.Mateusz.Lukasinski.MultikinoSeanse;
				PRODUCT_NAME = "$(TARGET_NAME)";
				SWIFT_VERSION = 5.0;
				TARGETED_DEVICE_FAMILY = 1;
			};
			name = Release;
		};
/* End XCBuildConfiguration section */

/* Begin XCConfigurationList section */
		23C4B99F23171420006B96AB /* Build configuration list for PBXProject "MultikinoSeanse" */ = {
			isa = XCConfigurationList;
			buildConfigurations = (
				23C4B9B423171422006B96AB /* Debug */,
				23C4B9B523171422006B96AB /* Release */,
			);
			defaultConfigurationIsVisible = 0;
			defaultConfigurationName = Release;
		};
		23C4B9B623171422006B96AB /* Build configuration list for PBXNativeTarget "MultikinoSeanse" */ = {
			isa = XCConfigurationList;
			buildConfigurations = (
				23C4B9B723171422006B96AB /* Debug */,
				23C4B9B823171422006B96AB /* Release */,
			);
			defaultConfigurationIsVisible = 0;
			defaultConfigurationName = Release;
		};
/* End XCConfigurationList section */
	};
	rootObject = 23C4B99C23171420006B96AB /* Project object */;
}
