PODS:
  - SwiftyJSON (5.0.0)
  - SwipeableTabBarController (2.1.1)

DEPENDENCIES:
  - SwiftyJSON (~> 5.0)
  - SwipeableTabBarController

SPEC REPOS:
  https://github.com/cocoapods/specs.git:
    - SwiftyJSON
    - SwipeableTabBarController

SPEC CHECKSUMS:
  SwiftyJSON: 36413e04c44ee145039d332b4f4e2d3e8d6c4db7
  SwipeableTabBarController: 8f7f04275f510c5babb630f7be1161b5f28567e0

PODFILE CHECKSUM: 56656200c484846a506cf9ef525d982c43a86b81

COCOAPODS: 1.7.5
